
Microsoft Visual Studio Solution File, Format Version 12.00
# Visual Studio Version 17
VisualStudioVersion = 17.8.34322.80
MinimumVisualStudioVersion = 10.0.40219.1
Project("{8BC9CEB8-8B4A-11D0-8D11-00A0C91BC942}") = "LonelyDriver", "LonelyDriver\LonelyDriver.vcxproj", "{4ED74675-793E-4AA2-81B9-74929A7C9D52}"
EndProject
Project("{8BC9CEB8-8B4A-11D0-8D11-00A0C91BC942}") = "Model", "Singleton\Singleton.vcxproj", "{E4C67D49-94F9-4A79-ADB1-970B1FB9B60D}"
EndProject
Project("{2150E333-8FDC-42A3-9474-1A3956D46DE8}") = "Solution Items", "Solution Items", "{3162BBB7-9417-493E-BA03-E5F9C2236BD5}"
	ProjectSection(SolutionItems) = preProject
		README.md = README.md
	EndProjectSection
EndProject
Project("{8BC9CEB8-8B4A-11D0-8D11-00A0C91BC942}") = "TestPhysX", "TestPhysX\TestPhysX.vcxproj", "{8F3B22E2-7F73-43ED-BA84-928559CAFDED}"
EndProject
Global
	GlobalSection(SolutionConfigurationPlatforms) = preSolution
		Debug|x64 = Debug|x64
		Debug|x86 = Debug|x86
		Release|x64 = Release|x64
		Release|x86 = Release|x86
	EndGlobalSection
	GlobalSection(ProjectConfigurationPlatforms) = postSolution
		{4ED74675-793E-4AA2-81B9-74929A7C9D52}.Debug|x64.ActiveCfg = Debug|x64
		{4ED74675-793E-4AA2-81B9-74929A7C9D52}.Debug|x64.Build.0 = Debug|x64
		{4ED74675-793E-4AA2-81B9-74929A7C9D52}.Debug|x86.ActiveCfg = Debug|Win32
		{4ED74675-793E-4AA2-81B9-74929A7C9D52}.Debug|x86.Build.0 = Debug|Win32
		{4ED74675-793E-4AA2-81B9-74929A7C9D52}.Release|x64.ActiveCfg = Release|x64
		{4ED74675-793E-4AA2-81B9-74929A7C9D52}.Release|x64.Build.0 = Release|x64
		{4ED74675-793E-4AA2-81B9-74929A7C9D52}.Release|x86.ActiveCfg = Release|Win32
		{4ED74675-793E-4AA2-81B9-74929A7C9D52}.Release|x86.Build.0 = Release|Win32
		{E4C67D49-94F9-4A79-ADB1-970B1FB9B60D}.Debug|x64.ActiveCfg = Debug|x64
		{E4C67D49-94F9-4A79-ADB1-970B1FB9B60D}.Debug|x64.Build.0 = Debug|x64
		{E4C67D49-94F9-4A79-ADB1-970B1FB9B60D}.Debug|x86.ActiveCfg = Debug|Win32
		{E4C67D49-94F9-4A79-ADB1-970B1FB9B60D}.Debug|x86.Build.0 = Debug|Win32
		{E4C67D49-94F9-4A79-ADB1-970B1FB9B60D}.Release|x64.ActiveCfg = Release|x64
		{E4C67D49-94F9-4A79-ADB1-970B1FB9B60D}.Release|x64.Build.0 = Release|x64
		{E4C67D49-94F9-4A79-ADB1-970B1FB9B60D}.Release|x86.ActiveCfg = Release|Win32
		{E4C67D49-94F9-4A79-ADB1-970B1FB9B60D}.Release|x86.Build.0 = Release|Win32
		{8F3B22E2-7F73-43ED-BA84-928559CAFDED}.Debug|x64.ActiveCfg = Debug|x64
		{8F3B22E2-7F73-43ED-BA84-928559CAFDED}.Debug|x64.Build.0 = Debug|x64
		{8F3B22E2-7F73-43ED-BA84-928559CAFDED}.Debug|x86.ActiveCfg = Debug|Win32
		{8F3B22E2-7F73-43ED-BA84-928559CAFDED}.Debug|x86.Build.0 = Debug|Win32
		{8F3B22E2-7F73-43ED-BA84-928559CAFDED}.Release|x64.ActiveCfg = Release|x64
		{8F3B22E2-7F73-43ED-BA84-928559CAFDED}.Release|x64.Build.0 = Release|x64
		{8F3B22E2-7F73-43ED-BA84-928559CAFDED}.Release|x86.ActiveCfg = Release|Win32
		{8F3B22E2-7F73-43ED-BA84-928559CAFDED}.Release|x86.Build.0 = Release|Win32
	EndGlobalSection
	GlobalSection(SolutionProperties) = preSolution
		HideSolutionNode = FALSE
	EndGlobalSection
	GlobalSection(ExtensibilityGlobals) = postSolution
		SolutionGuid = {053A2F07-0AE3-4EE1-B7A7-5BBBC959CF54}
	EndGlobalSection
EndGlobal
